
Microsoft Visual Studio Solution File, Format Version 12.00
# Visual Studio 2012
Project("{FAE04EC0-301F-11D3-BF4B-00C04F79EFBC}") = "NHibernate.Caches.Elasticache", "NHibernate.Caches.Elasticache\NHibernate.Caches.Elasticache.csproj", "{2A599027-2EF7-49BE-9FE6-E57D31632074}"
EndProject
Global
	GlobalSection(SolutionConfigurationPlatforms) = preSolution
		Debug|Any CPU = Debug|Any CPU
		Release|Any CPU = Release|Any CPU
	EndGlobalSection
	GlobalSection(ProjectConfigurationPlatforms) = postSolution
		{2A599027-2EF7-49BE-9FE6-E57D31632074}.Debug|Any CPU.ActiveCfg = Debug|Any CPU
		{2A599027-2EF7-49BE-9FE6-E57D31632074}.Debug|Any CPU.Build.0 = Debug|Any CPU
		{2A599027-2EF7-49BE-9FE6-E57D31632074}.Release|Any CPU.ActiveCfg = Release|Any CPU
		{2A599027-2EF7-49BE-9FE6-E57D31632074}.Release|Any CPU.Build.0 = Release|Any CPU
	EndGlobalSection
	GlobalSection(SolutionProperties) = preSolution
		HideSolutionNode = FALSE
	EndGlobalSection
EndGlobal
